
Microsoft Visual Studio Solution File, Format Version 12.00
# Visual Studio Version 17
VisualStudioVersion = 17.7.34221.43
MinimumVisualStudioVersion = 10.0.40219.1
Project("{FAE04EC0-301F-11D3-BF4B-00C04F79EFBC}") = "HalkaArzTakip", "HalkaArzTakip7\HalkaArzTakip.csproj", "{743E75DD-B42E-4A3E-8900-5106BDB05408}"
EndProject
Global
	GlobalSection(SolutionConfigurationPlatforms) = preSolution
		Debug|Any CPU = Debug|Any CPU
		Release|Any CPU = Release|Any CPU
	EndGlobalSection
	GlobalSection(ProjectConfigurationPlatforms) = postSolution
		{743E75DD-B42E-4A3E-8900-5106BDB05408}.Debug|Any CPU.ActiveCfg = Debug|Any CPU
		{743E75DD-B42E-4A3E-8900-5106BDB05408}.Debug|Any CPU.Build.0 = Debug|Any CPU
		{743E75DD-B42E-4A3E-8900-5106BDB05408}.Release|Any CPU.ActiveCfg = Release|Any CPU
		{743E75DD-B42E-4A3E-8900-5106BDB05408}.Release|Any CPU.Build.0 = Release|Any CPU
	EndGlobalSection
	GlobalSection(SolutionProperties) = preSolution
		HideSolutionNode = FALSE
	EndGlobalSection
	GlobalSection(ExtensibilityGlobals) = postSolution
		SolutionGuid = {815B33CE-4E62-42C2-825B-137F6C13319A}
	EndGlobalSection
EndGlobal
